
Microsoft Visual Studio Solution File, Format Version 12.00
# Visual Studio Version 17
VisualStudioVersion = 17.0.31903.59
MinimumVisualStudioVersion = 10.0.40219.1
Project("{FAE04EC0-301F-11D3-BF4B-00C04F79EFBC}") = "Reswinator", "Reswinator\Reswinator.csproj", "{C4CC5FFD-BD8D-4852-8547-FB2154BFF44C}"
EndProject
Project("{FAE04EC0-301F-11D3-BF4B-00C04F79EFBC}") = "ReswinatorTests", "ReswinatorTests\ReswinatorTests.csproj", "{77FDC19E-8E5E-45A7-B627-0271568596E7}"
EndProject
Project("{2150E333-8FDC-42A3-9474-1A3956D46DE8}") = "Solution Items", "Solution Items", "{87F6A3AD-A157-4617-B18A-D648788083B9}"
	ProjectSection(SolutionItems) = preProject
		LICENSE.txt = LICENSE.txt
		README.md = README.md
	EndProjectSection
EndProject
Global
	GlobalSection(SolutionConfigurationPlatforms) = preSolution
		Debug|Any CPU = Debug|Any CPU
		Release|Any CPU = Release|Any CPU
	EndGlobalSection
	GlobalSection(SolutionProperties) = preSolution
		HideSolutionNode = FALSE
	EndGlobalSection
	GlobalSection(ProjectConfigurationPlatforms) = postSolution
		{C4CC5FFD-BD8D-4852-8547-FB2154BFF44C}.Debug|Any CPU.ActiveCfg = Debug|Any CPU
		{C4CC5FFD-BD8D-4852-8547-FB2154BFF44C}.Debug|Any CPU.Build.0 = Debug|Any CPU
		{C4CC5FFD-BD8D-4852-8547-FB2154BFF44C}.Release|Any CPU.ActiveCfg = Release|Any CPU
		{C4CC5FFD-BD8D-4852-8547-FB2154BFF44C}.Release|Any CPU.Build.0 = Release|Any CPU
		{77FDC19E-8E5E-45A7-B627-0271568596E7}.Debug|Any CPU.ActiveCfg = Debug|Any CPU
		{77FDC19E-8E5E-45A7-B627-0271568596E7}.Debug|Any CPU.Build.0 = Debug|Any CPU
		{77FDC19E-8E5E-45A7-B627-0271568596E7}.Release|Any CPU.ActiveCfg = Release|Any CPU
		{77FDC19E-8E5E-45A7-B627-0271568596E7}.Release|Any CPU.Build.0 = Release|Any CPU
	EndGlobalSection
EndGlobal
